
Microsoft Visual Studio Solution File, Format Version 12.00
# Visual Studio 15
VisualStudioVersion = 15.0.26730.12
MinimumVisualStudioVersion = 10.0.40219.1
Project("{FAE04EC0-301F-11D3-BF4B-00C04F79EFBC}") = "Web", "Web\Web.csproj", "{5DF902D0-D788-4036-ABCA-ADA06B262417}"
EndProject
Project("{FAE04EC0-301F-11D3-BF4B-00C04F79EFBC}") = "Interfaces", "Interface\Interfaces.csproj", "{1BCDAF20-6BDE-439A-9ED0-3E44C94B2C31}"
EndProject
Project("{FAE04EC0-301F-11D3-BF4B-00C04F79EFBC}") = "Data", "Data\Data.csproj", "{1472AE9B-3245-486E-A72C-4E9DAF9A2B7A}"
EndProject
Global
	GlobalSection(SolutionConfigurationPlatforms) = preSolution
		Debug|Any CPU = Debug|Any CPU
		Release|Any CPU = Release|Any CPU
	EndGlobalSection
	GlobalSection(ProjectConfigurationPlatforms) = postSolution
		{5DF902D0-D788-4036-ABCA-ADA06B262417}.Debug|Any CPU.ActiveCfg = Debug|Any CPU
		{5DF902D0-D788-4036-ABCA-ADA06B262417}.Debug|Any CPU.Build.0 = Debug|Any CPU
		{5DF902D0-D788-4036-ABCA-ADA06B262417}.Release|Any CPU.ActiveCfg = Release|Any CPU
		{5DF902D0-D788-4036-ABCA-ADA06B262417}.Release|Any CPU.Build.0 = Release|Any CPU
		{1BCDAF20-6BDE-439A-9ED0-3E44C94B2C31}.Debug|Any CPU.ActiveCfg = Debug|Any CPU
		{1BCDAF20-6BDE-439A-9ED0-3E44C94B2C31}.Debug|Any CPU.Build.0 = Debug|Any CPU
		{1BCDAF20-6BDE-439A-9ED0-3E44C94B2C31}.Release|Any CPU.ActiveCfg = Release|Any CPU
		{1BCDAF20-6BDE-439A-9ED0-3E44C94B2C31}.Release|Any CPU.Build.0 = Release|Any CPU
		{1472AE9B-3245-486E-A72C-4E9DAF9A2B7A}.Debug|Any CPU.ActiveCfg = Debug|Any CPU
		{1472AE9B-3245-486E-A72C-4E9DAF9A2B7A}.Debug|Any CPU.Build.0 = Debug|Any CPU
		{1472AE9B-3245-486E-A72C-4E9DAF9A2B7A}.Release|Any CPU.ActiveCfg = Release|Any CPU
		{1472AE9B-3245-486E-A72C-4E9DAF9A2B7A}.Release|Any CPU.Build.0 = Release|Any CPU
	EndGlobalSection
	GlobalSection(SolutionProperties) = preSolution
		HideSolutionNode = FALSE
	EndGlobalSection
	GlobalSection(ExtensibilityGlobals) = postSolution
		SolutionGuid = {60D7FDD8-F879-4181-A812-030F940B1DDE}
	EndGlobalSection
EndGlobal
